
Microsoft Visual Studio Solution File, Format Version 12.00
# Visual Studio Version 17
VisualStudioVersion = 17.6.33829.357
MinimumVisualStudioVersion = 10.0.40219.1
Project("{9A19103F-16F7-4668-BE54-9A1E7A4F7556}") = "SteelMeet", "SteelMeet.csproj", "{9F188B14-52B9-4660-8797-7B515DD3ADD3}"
EndProject
Global
	GlobalSection(SolutionConfigurationPlatforms) = preSolution
		Debug|Any CPU = Debug|Any CPU
		Release|Any CPU = Release|Any CPU
	EndGlobalSection
	GlobalSection(ProjectConfigurationPlatforms) = postSolution
		{9F188B14-52B9-4660-8797-7B515DD3ADD3}.Debug|Any CPU.ActiveCfg = Debug|Any CPU
		{9F188B14-52B9-4660-8797-7B515DD3ADD3}.Debug|Any CPU.Build.0 = Debug|Any CPU
		{9F188B14-52B9-4660-8797-7B515DD3ADD3}.Release|Any CPU.ActiveCfg = Release|Any CPU
		{9F188B14-52B9-4660-8797-7B515DD3ADD3}.Release|Any CPU.Build.0 = Release|Any CPU
	EndGlobalSection
	GlobalSection(SolutionProperties) = preSolution
		HideSolutionNode = FALSE
	EndGlobalSection
	GlobalSection(ExtensibilityGlobals) = postSolution
		SolutionGuid = {4E525637-6690-4D59-BEE9-055070BB672B}
	EndGlobalSection
EndGlobal
